
Microsoft Visual Studio Solution File, Format Version 12.00
# Visual Studio Version 16
VisualStudioVersion = 16.0.31702.278
MinimumVisualStudioVersion = 10.0.40219.1
Project("{FAE04EC0-301F-11D3-BF4B-00C04F79EFBC}") = "Home12WpfApp", "Home12WpfApp\Home12WpfApp.csproj", "{40ED55B5-0EF1-4D9F-A035-49D22CD14CCD}"
EndProject
Global
	GlobalSection(SolutionConfigurationPlatforms) = preSolution
		Debug|Any CPU = Debug|Any CPU
		Release|Any CPU = Release|Any CPU
	EndGlobalSection
	GlobalSection(ProjectConfigurationPlatforms) = postSolution
		{40ED55B5-0EF1-4D9F-A035-49D22CD14CCD}.Debug|Any CPU.ActiveCfg = Debug|Any CPU
		{40ED55B5-0EF1-4D9F-A035-49D22CD14CCD}.Debug|Any CPU.Build.0 = Debug|Any CPU
		{40ED55B5-0EF1-4D9F-A035-49D22CD14CCD}.Release|Any CPU.ActiveCfg = Release|Any CPU
		{40ED55B5-0EF1-4D9F-A035-49D22CD14CCD}.Release|Any CPU.Build.0 = Release|Any CPU
	EndGlobalSection
	GlobalSection(SolutionProperties) = preSolution
		HideSolutionNode = FALSE
	EndGlobalSection
	GlobalSection(ExtensibilityGlobals) = postSolution
		SolutionGuid = {1187CBF9-6CEF-4BFA-89CA-B012C563FFAB}
	EndGlobalSection
EndGlobal
